
Microsoft Visual Studio Solution File, Format Version 12.00
Project("{FAE04EC0-301F-11D3-BF4B-00C04F79EFBC}") = "TPLDataflow", "TPLDataflow.csproj", "{242E6EF4-835D-48D6-9D2F-7D7DB6FC5825}"
EndProject
Global
	GlobalSection(SolutionConfigurationPlatforms) = preSolution
		Debug|Any CPU = Debug|Any CPU
		Release|Any CPU = Release|Any CPU
	EndGlobalSection
	GlobalSection(ProjectConfigurationPlatforms) = postSolution
		{242E6EF4-835D-48D6-9D2F-7D7DB6FC5825}.Debug|Any CPU.ActiveCfg = Debug|Any CPU
		{242E6EF4-835D-48D6-9D2F-7D7DB6FC5825}.Debug|Any CPU.Build.0 = Debug|Any CPU
		{242E6EF4-835D-48D6-9D2F-7D7DB6FC5825}.Release|Any CPU.ActiveCfg = Release|Any CPU
		{242E6EF4-835D-48D6-9D2F-7D7DB6FC5825}.Release|Any CPU.Build.0 = Release|Any CPU
	EndGlobalSection
EndGlobal
